github.com/PuerkitoBio/goquery v1.5.0 h1:uGvmFXOA73IKluu/F84Xd1tt/z07GYm8X49XKHP7EJk=
github.com/PuerkitoBio/goquery v1.5.0/go.mod h1:qD2PgZ9lccMbQlc7eEOjaeRlFQON7xY8kdmcsrnKqMg=
github.com/andybalholm/cascadia v1.0.0 h1:hOCXnnZ5A+3eVDX8pvgl4kofXv2ELss0bKcqRySc45o=
github.com/andybalholm/cascadia v1.0.0/go.mod h1:GsXiBklL0woXo1j/WYWtSYYC4ouU9PqHO0sqidkEA4Y=
github.com/simcap/sectools/passwords v0.0.0-20181130142201-5979ca8c1a77 h1:dZizWBAcVHXJqEEvUobQh0ghQzstv+4PfFY9zOKGVrE=
github.com/simcap/sectools/passwords v0.0.0-20181130142201-5979ca8c1a77/go.mod h1:O4gd92pfFi9dQ9HgQGCJZOn1+c59hBVxXNYzs3OeWM4=
github.com/simcap/sectools/passwords v0.0.0-20181130143811-a224078ce226 h1:7wi5XGUQO+b0af1CrAmyksIHlYTXrW9NK044VKkG5lw=
github.com/simcap/sectools/passwords v0.0.0-20181130143811-a224078ce226/go.mod h1:O4gd92pfFi9dQ9HgQGCJZOn1+c59hBVxXNYzs3OeWM4=
github.com/simcap/sectools/passwords v0.0.0-20181204142527-7497bf963c9c h1:rHVI469rvsuvwFc7pYhgBNR9eenvG6vG/C7Pt+Di4kQ=
github.com/simcap/sectools/passwords v0.0.0-20181204142527-7497bf963c9c/go.mod h1:O4gd92pfFi9dQ9HgQGCJZOn1+c59hBVxXNYzs3OeWM4=
github.com/simcap/sectools/passwords v0.0.0-20181204170909-08e837f6df52 h1:/b7phNZLQFDpE6yOTIT5q3gPMaV/HxUKavOw37cOqiE=
github.com/simcap/sectools/passwords v0.0.0-20181204170909-08e837f6df52/go.mod h1:O4gd92pfFi9dQ9HgQGCJZOn1+c59hBVxXNYzs3OeWM4=
github.com/simcap/sectools/passwords v0.0.0-20181205163142-38b81c20cfa1 h1:hrCujnUb3LuJVJc4UCPZZ972c0H38++pIN+mR2ycA9c=
github.com/simcap/sectools/passwords v0.0.0-20181205163142-38b81c20cfa1/go.mod h1:O4gd92pfFi9dQ9HgQGCJZOn1+c59hBVxXNYzs3OeWM4=
golang.org/x/net v0.0.0-20180218175443-cbe0f9307d01/go.mod h1:mL1N/T3taQHkDXs73rZJwtUhF3w3ftmwwsq0BUmARs4=
golang.org/x/net v0.0.0-20181114220301-adae6a3d119a h1:gOpx8G595UYyvj8UK4+OFyY4rx037g3fmfhe5SasG3U=
golang.org/x/net v0.0.0-20181114220301-adae6a3d119a/go.mod h1:mL1N/T3taQHkDXs73rZJwtUhF3w3ftmwwsq0BUmARs4=
golang.org/x/net v0.0.0-20181129055619-fae4c4e3ad76 h1:xx5MUFyRQRbPk6VjWjIE1epE/K5AoDD8QUN116NCy8k=
golang.org/x/net v0.0.0-20181129055619-fae4c4e3ad76/go.mod h1:mL1N/T3taQHkDXs73rZJwtUhF3w3ftmwwsq0BUmARs4=
golang.org/x/net v0.0.0-20181201002055-351d144fa1fc h1:a3CU5tJYVj92DY2LaA1kUkrsqD5/3mLDhx2NcNqyW+0=
golang.org/x/net v0.0.0-20181201002055-351d144fa1fc/go.mod h1:mL1N/T3taQHkDXs73rZJwtUhF3w3ftmwwsq0BUmARs4=
